# This file was autogenerated by Stack.
# You should not edit this file by hand.
# For more information, please see the documentation at:
#   https://docs.haskellstack.org/en/stable/topics/lock_files

packages:
- completed:
    hackage: assoc-1.1.1@sha256:0ab39b4d1feb4caca95ac6e314f48782b27a86a6b8d1f5e8dc4be9fbed11185f,1420
    pantry-tree:
      sha256: 1eba99c779743842d7d04248c599a23ac6cc9f857e998c0b273c11d7db463b9e
      size: 290
  original:
    hackage: assoc-1.1.1
- completed:
    hackage: binary-0.8.9.3@sha256:8b03c7fd5a7f6803280fba87e38d534beb1dc92fec975de5bd36200633996ef2,6576
    pantry-tree:
      sha256: 32834cef5d28bfbe4ba230c12bdae4363a30911f898df9e6d5074fbbabcd549a
      size: 1976
  original:
    hackage: binary-0.8.9.3
- completed:
    hackage: broadcast-chan-0.2.0.2@sha256:687a7438a3fda6f5baf2be5a97e8dbf07b0bce1c22319af0d734ab64a895dd8f,6166
    pantry-tree:
      sha256: be6b808e15a91a4350c28d56a547049932abf6189ff0c26543cd1881feaf508a
      size: 755
  original:
    hackage: broadcast-chan-0.2.0.2
- completed:
    hackage: bytestring-0.12.2.0@sha256:69a57e6a840714ede26e231fcf0a3cdde1b4f1ba24b3f6a22666aa5c340ad405,9275
    pantry-tree:
      sha256: b226564393e03639312a18b7d3f7938c3f39adce3dcd5635d8e8839802765d1d
      size: 4650
  original:
    hackage: bytestring-0.12.2.0
- completed:
    hackage: cereal-0.5.8.3@sha256:87a227c7b510217ea059db3dd59d9665edd8f0d1d3d8de39458e371a1d9402fb,2767
    pantry-tree:
      sha256: 2d570ae699908d131b63fe176115809982f86ec4589cdbf42848aa2ca79209cb
      size: 641
  original:
    hackage: cereal-0.5.8.3
- completed:
    hackage: containers-0.7@sha256:e9b5fdcc609159410d408c47e0be13663bb0b4a42a5183b52aa0ac9c99e1dfec,2668
    pantry-tree:
      sha256: 265b0a6110df990b5f9f04d21856333ed5ed66f37a4b0a0215901d831f69629b
      size: 2954
  original:
    hackage: containers-0.7
- completed:
    hackage: ConfigFile-1.1.4@sha256:ca56261e1deae6ef958a337b03812987bfd94ab37b047e27f262bc3137813165,2056
    pantry-tree:
      sha256: 58c2dbae1878d8f5bcac2848712ccfe90391bb1e6b719f43d044ead6c496f748
      size: 1016
  original:
    hackage: ConfigFile-1.1.4
- completed:
    hackage: data-default-0.8.0.1@sha256:536ff91641a39b8ad302eebceff767d86ec6b543b44b1db9104650a2b1bc63bd,1110
    pantry-tree:
      sha256: d9e57565e157da76676ac080eddf8d9ceaadf54039749eef1736073fd0f3842c
      size: 382
  original:
    hackage: data-default-0.8.0.1
- completed:
    hackage: directory-1.3.9.0@sha256:2490137bb7738bd79392959458ef5f276219ea5ba8a9a56d3e0b06315c1bb917,3307
    pantry-tree:
      sha256: cf35b0c2755674f913078c588c88fc169d928ce09f292c648af9f1dbc3167131
      size: 3386
  original:
    hackage: directory-1.3.9.0
- completed:
    hackage: dbus-1.2.1@sha256:2c3d6d43140daf7aac108e14deef001d603209261885d8df30dfdcd2e92ce2d8,4177
    pantry-tree:
      sha256: 24985eff30617e9a61563d1a2a0c60c238359c3b3b2fb72f7f6c3192eb510602
      size: 2795
  original:
    hackage: dbus-1.2.1
- completed:
    hackage: dbus-hslogger-0.1.0.1@sha256:7c989216bfbd9dce7e6898e608efff13d7385d0e9cf4b5aa8c8e0358b72645be,1489
    pantry-tree:
      sha256: 015ca24522392f6027996ad65c4a2e3c9bd5371984ffc62d8ec43ed651d3e87a
      size: 395
  original:
    hackage: dbus-hslogger-0.1.0.1
- completed:
    hackage: filepath-1.4.301.0@sha256:2c5d05f98759938db45757016ec406ed2c6021cd9018a53fedb76b9d5a8239ea,6128
    pantry-tree:
      sha256: 8f99fd207c99566f18b0e5efe784cb72e6b240dde9ceecbe1a1a11954f6dae89
      size: 3998
  original:
    hackage: filepath-1.4.301.0
- completed:
    hackage: gi-cairo-connector-0.0.1@sha256:b909fcfcb3c19fceb93ea309381c059020e9b9ae8d1fc39aad94962e112fc289,1166
    pantry-tree:
      sha256: 7cc3b726092bbff0ad393f07177a875b3bddc1946b008f8216aa56947e944576
      size: 186
  original:
    hackage: gi-cairo-connector-0.0.1
- completed:
    hackage: gi-cairo-render-0.0.1@sha256:ff2ccc309c021c2c023fa0d380375ef36cff2df93e0c78ed733f052dd1aa9782,3502
    pantry-tree:
      sha256: e05dbca4c5acaf73903c142fc586d42ac8e2b57aabcc890053f8b02b1067d60a
      size: 1603
  original:
    hackage: gi-cairo-render-0.0.1
- completed:
    hackage: gi-dbusmenu-0.4.1@sha256:fd1c177ad4068e9ef7778ecb1af4004d2d503246d6d846592507ed63c52a3ab2,1868
    pantry-tree:
      sha256: bc5fdd65c973582f1fc0e5efc182f80cfd5736ece90c47b2beaa17cf29486ded
      size: 362
  original:
    hackage: gi-dbusmenu-0.4.1
- completed:
    hackage: gi-dbusmenugtk3-0.4.1@sha256:8fac5be30616a8246850f1118dc51405487ac488aeabbc9c5b55e9979aa711f8,2080
    pantry-tree:
      sha256: 30184b293e2b6d96417edc803d800fb67bfb1ca422836558e6ea3fce300f162a
      size: 370
  original:
    hackage: gi-dbusmenugtk3-0.4.1
- completed:
    hackage: gi-gdk-3.0.15@sha256:5f196344b9c8f2f93687fd31f7d6cfdd5bd40175d17d979c9665e789cd1dfe54,1998
    pantry-tree:
      sha256: 5b992935260e45f2730a109bb2a7185a6f2746dd7a4ac2c69a3b3e7a99d5ef98
      size: 355
  original:
    hackage: gi-gdk-3.0.15
- completed:
    hackage: gi-gdkpixbuf-2.0.18@sha256:58681378d1c096b7a1a7464da19d7d7afa9f0b44e3175d82b967d3a82ff4bd7b,1922
    pantry-tree:
      sha256: 326acde23376c92c00a91dee54c6081fcfeea9efc261d651699546c489eb1a2f
      size: 368
  original:
    hackage: gi-gdkpixbuf-2.0.18
- completed:
    hackage: gi-gdkx11-3.0.4@sha256:5ee528136572cc9e22ef57ab77c8edd0393a52ca0dcbd85bb44188d0088f2158,1992
    pantry-tree:
      sha256: be1ba3ca2ae64a1721ad2b2c22b3efabf24c3c7cc99cede8cea8987b9ca5467c
      size: 359
  original:
    hackage: gi-gdkx11-3.0.4
- completed:
    hackage: gi-gio-2.0.18@sha256:ed2ed7da91de9b49e4567cbcdef8a2d23f9cd1349edb2779d95a57a2c60c4905,1836
    pantry-tree:
      sha256: e5c704de106236b3b6ce2d7fb497c1982fde287d517974a92863be721e4e1e51
      size: 358
  original:
    hackage: gi-gio-2.0.18
- completed:
    hackage: gi-gtk-3.0.26@sha256:a69522bb6ebcef6ffa0da24b6605e32cc35530f5279d294930111cf86ff7403c,2092
    pantry-tree:
      sha256: 4219a891b0571ebd4c54a8ae08c1ea9e55e9a60df15164e788e6611cf5db4b79
      size: 357
  original:
    hackage: gi-gtk-3.0.26
- completed:
    hackage: gi-gtk-hs-0.3.6.3@sha256:e88ecc54a6fc17dfe3eacbbae2c5d7beb469ec5bc33b799fe2d89155bb32f72a,1954
    pantry-tree:
      sha256: fc626f2b9ec26f1efa1b24428c1b92e781e138f713c41e3a9677c0b51c97abe2
      size: 1071
  original:
    hackage: gi-gtk-hs-0.3.6.3
- completed:
    hackage: gi-pango-1.0.16@sha256:5600c606331bdc30407ab6cd9dcb1f1325c11f6292b6018f6c90391801f0d24a,1856
    pantry-tree:
      sha256: a0be7a797a0094d9ebe19395f0889b27ff41ab6fd5689a4db0b3d7c62e4fe34b
      size: 360
  original:
    hackage: gi-pango-1.0.16
- completed:
    hackage: gi-xlib-2.0.2@sha256:d9b73ecd7b84f183474c412893e74279f4980d0000f92f7a2433de2d1e9414d8,1761
    pantry-tree:
      sha256: d1d98746c801ee4b6732b19b8092d48ecdbc8a09667e19a1d2768ed78a039242
      size: 355
  original:
    hackage: gi-xlib-2.0.2
- completed:
    hackage: gtk-sni-tray-0.1.6.0@sha256:c9d355a67f459431c377f628a4853b1ed9a50e6591eceb76b1189b735aa765da,2188
    pantry-tree:
      sha256: 49b4c274219277ccf8a67999f6ff42cd083de830f6c1d879efd08281960f1df5
      size: 456
  original:
    hackage: gtk-sni-tray-0.1.6.0
- completed:
    hackage: gtk-strut-0.1.3.0@sha256:a1ad2b79d5c581366062278fd43db7fbc8b703cc156bacbcf3b94dc57dea7811,1140
    pantry-tree:
      sha256: 1edced59a053301d94239209d7cdb8f6baec68276abf1752de3dbe9b6f95c5a5
      size: 390
  original:
    hackage: gtk-strut-0.1.3.0
- completed:
    hackage: haskell-gi-0.21.2@sha256:e64afef8b047a4adf20dd23686572db0af9dea62f1f1b58d0f0ae687206ee3d1,5504
    pantry-tree:
      sha256: c0c2c6aa57b72384c2245cf134d1cd133bda174071e96fc141eb9f09518a35be
      size: 4409
  original:
    hackage: haskell-gi-0.21.2
- completed:
    hackage: haskell-gi-base-0.21.2@sha256:053fd2f5b92622d1745d41bf17dcd6fcc3784e2203e5badd56175332599384e4,2343
    pantry-tree:
      sha256: 5013b37978f152962ad783b1f05d96b9ef00673b5c984ea4e7eb4db32844536a
      size: 1596
  original:
    hackage: haskell-gi-base-0.21.2
- completed:
    hackage: lens-5.3.5@sha256:3bce9b67767ff9feccba39e41f9ad21a0fbf395b75069ecefe400a791a9acd69,14788
    pantry-tree:
      sha256: bb5f4f43e75fe3440b67fc61b4da5a1b0881644d1c95f921eed5277f3105b75a
      size: 8405
  original:
    hackage: lens-5.3.5
- completed:
    hackage: magic-1.1@sha256:3a31ca1c49fa5f6a857f647471739bd240a6020af6ae43e71fb72201fc482fa2,928
    pantry-tree:
      sha256: 8fd594932f36cdf6a93266c48248a6c516d2aa237cd023eed6935ccee7ed230b
      size: 535
  original:
    hackage: magic-1.1
- completed:
    hackage: process-1.6.26.1@sha256:6def2e07c317f52f4d30c43e92f97b7bc5f7c27cb1270d386b15dce429e1180f,2947
    pantry-tree:
      sha256: 4cdf369a03c496a02a67d6d963884ae7b57eead30407881316983394b73cdc2e
      size: 1869
  original:
    hackage: process-1.6.26.1
- completed:
    hackage: rate-limit-1.4.1@sha256:27abe882e8b7851202cac124ea2b631e77ab7216f7a655b0782704838fe3c305,943
    pantry-tree:
      sha256: f5eb6d9a78edc08d896771aefbd6b9986d85724bb1f9bec88fa09fd7a88551b4
      size: 214
  original:
    hackage: rate-limit-1.4.1
- completed:
    hackage: spool-0.1@sha256:77780cbfc2c0be23ff2ea9e474062f3df97fcd9db946ee0b3508280a923b83e2,1461
    pantry-tree:
      sha256: 48eada528a8eda2fcf0d3517a239c59a699acff96111f427833ba2b04bd6111f
      size: 322
  original:
    hackage: spool-0.1
- completed:
    hackage: status-notifier-item-0.3.0.1@sha256:7c11ba0158f31eda7cb8c60c48b6e4f63681b79a91a3c2814fac381f0004ebc5,2572
    pantry-tree:
      sha256: 301226818bb55f6cfb1e1a3f2fea8d48073b086e7eff65394ad0a6c5ed35c603
      size: 1156
  original:
    hackage: status-notifier-item-0.3.0.1
- completed:
    hackage: time-units-1.0.0@sha256:27cf54091c4a0ca73d504fc11d5c31ab4041d17404fe3499945e2055697746c1,928
    pantry-tree:
      sha256: 9b516d4195fcea22cd1f4335cfe210e88deca397ba7dacc494d5a2feb69e1af8
      size: 212
  original:
    hackage: time-units-1.0.0
- completed:
    hackage: X11-1.10.3@sha256:0d1dfe1034a3bbed5cd5657b7d825b07e4a01d6efe75e118e082f5650a46af00,3869
    pantry-tree:
      sha256: 0200d1a7beb49053cfabfe42875154984781b052518c9b9114020dcec1824d11
      size: 2861
  original:
    hackage: X11-1.10.3
- completed:
    hackage: xml-helpers-1.0.0@sha256:3b0808db529fa362a67717c78a78a4728859f60f31e9213ae2d32720fbe053a1,610
    pantry-tree:
      sha256: 23e445f90ddb3c02c05125fb273045718fc0551509fe931ae8010a3a189ba215
      size: 220
  original:
    hackage: xml-helpers-1.0.0
- completed:
    hackage: xmobar-0.28.1@sha256:9fa6f94d353349baff2f86772c502ca282d2d38f27dab8423dc5a17cb5d7af5e,8267
    pantry-tree:
      sha256: 117278ce064b712eda0a0e7833d2dbe87cc0e0882e2b9d1e55c1375def520eb7
      size: 4281
  original:
    hackage: xmobar-0.28.1
- completed:
    hackage: xmonad-0.18.0@sha256:22300a2626ba5b00dcf0e5071d56ccb42140fb849ee6ea7bf1337ed07de33642,5453
    pantry-tree:
      sha256: 475b273803119d4b6f3f0ad496d93092ad53bb7b2306182603531093899b26d1
      size: 2486
  original:
    hackage: xmonad-0.18.0
- completed:
    hackage: base-orphans-0.9.3@sha256:c95cd3490ef99998a496de26afe8879a1d7780fa181a4479a956c690d74f75f1,3161
    pantry-tree:
      sha256: edea653b8c0beed2e75e504ead7986547b432c2a331f0b3220ede9bce52b5f84
      size: 1273
  original:
    hackage: base-orphans-0.9.3
- completed:
    hackage: bifunctors-5.6.2@sha256:115a621c4eaaabb07834f9e4dd3371e21f39d034305062f4bd5cd72c2f8880d2,3332
    pantry-tree:
      sha256: be1b9e8fd657f30236506335e3681a4cb6753f7f655c19ede2140dc4a7487a3c
      size: 1466
  original:
    hackage: bifunctors-5.6.2
- completed:
    hackage: call-stack-0.4.0@sha256:ac44d2c00931dc20b01750da8c92ec443eb63a7231e8550188cb2ac2385f7feb,1200
    pantry-tree:
      sha256: 04134fa69cdd824b4e4bb7f77e7173e0705f27deabdbbf99549c549400191e1e
      size: 501
  original:
    hackage: call-stack-0.4.0
- completed:
    hackage: comonad-5.0.9@sha256:75aded79bf583c908e4e4687c0ae067f256e2507536b75f58ffba7748767c353,3587
    pantry-tree:
      sha256: ab93cc70ca8334920603ca05e2dda24e84e9bfd20d64d1138f7ae3e03cd0ea41
      size: 1616
  original:
    hackage: comonad-5.0.9
- completed:
    hackage: contravariant-1.5.5@sha256:470ed0e040e879e2da4af1b2c8f94e199f6135852a8107858d5ae0a95365835f,3041
    pantry-tree:
      sha256: 9eb62fea28548dc8a0f60fd47c12843092b78b24ed771b8ad63a0bb34dba8bc4
      size: 652
  original:
    hackage: contravariant-1.5.5
- completed:
    hackage: data-default-class-0.2.0.0@sha256:788dc5c0be3981ca83ad11206e300a77ae8a1c8b9bc4f9630f563d37f540ccbd,728
    pantry-tree:
      sha256: 2ddcb2ed7288849c7c46c7b3ae4fd0df016069a125f5803740974ea59700df19
      size: 224
  original:
    hackage: data-default-class-0.2.0.0
- completed:
    hackage: deepseq-1.4.8.1@sha256:79362747f088481e90c6dd09b5d7a90d52c4e12e72ffe66efaa23b2fba8b8991,2298
    pantry-tree:
      sha256: 22697256b87675c82610ad3391a373ab7e9751134f387db94c03fbccc726a8f8
      size: 385
  original:
    hackage: deepseq-1.4.8.1
- completed:
    hackage: distributive-0.6.2.1@sha256:0f99f5541cca04acf89b64432b03422b6408e830a8dff30e6c4334ef1a48680c,2996
    pantry-tree:
      sha256: a42bed5fe0ba295643538312dee6c9436314c05a6f7efdd32b4303979f8bd744
      size: 735
  original:
    hackage: distributive-0.6.2.1
- completed:
    hackage: free-5.2@sha256:7f3992a66987bbba5a6546420f6129fb9b66b80cdd005d34ec77a1e1c8ed8340,4178
    pantry-tree:
      sha256: 1094ec083cb90761cb2b611b28200e9d40ae71bf69ec62ddcb949a0e094228f9
      size: 3130
  original:
    hackage: free-5.2
- completed:
    hackage: hashable-1.5.0.0@sha256:2f23146cbe0325029927b221647695a4c7d6e97548ff731110979e34361f58ef,5914
    pantry-tree:
      sha256: 3129079baae1af3e7c9dd4585ae667138b69892cefa7c40c392d2cdaefa757c8
      size: 1578
  original:
    hackage: hashable-1.5.0.0
- completed:
    hackage: indexed-traversable-0.1.4@sha256:42d9e84a65a0c17c248233cab98ada872ff6140dfa24d109d6eb285204d07e7d,2098
    pantry-tree:
      sha256: d3e9e60aede3658838fa552646552212f01a3cba19bd50397c86795a28d67b27
      size: 625
  original:
    hackage: indexed-traversable-0.1.4
- completed:
    hackage: indexed-traversable-instances-0.1.2@sha256:68df0fc8070ae2c15f9e6febf1449fee364c131a6d1e93cac45e7895ba86dd89,2401
    pantry-tree:
      sha256: 5d8873d51e28d42eebe7c13e3acb5e8a7ddfc2dd42ad011c96bb47b94b1f6b2e
      size: 366
  original:
    hackage: indexed-traversable-instances-0.1.2
- completed:
    hackage: kan-extensions-5.2.7@sha256:b91397acc14202e8a9eb5717c9d5ca12b63c00b410e902cb11f76d38fcec7895,2569
    pantry-tree:
      sha256: 414cf4a94a3f26ae147088791eca427b4310bee5592c8a1670121eab2f6f08ed
      size: 1306
  original:
    hackage: kan-extensions-5.2.7
- completed:
    hackage: parallel-3.2.2.0@sha256:9d7b34ac537940f67732eca31d48a43bd78fb65a91baebddf63bee4fc3813d81,1961
    pantry-tree:
      sha256: fbeb9796e1baf616817e51f680f8591e8955aa8adbb5e6cfe6eef5ce8b76504f
      size: 392
  original:
    hackage: parallel-3.2.2.0
- completed:
    hackage: profunctors-5.6.3@sha256:bfdb8c8b8cd4390e30219219edaff6ae7f428516f7338f0b7c39cb16b84bad2c,2408
    pantry-tree:
      sha256: e8f5f68ed5500e294baed4d2be9d7b494be316ab5b86016bf7b72d9ed0f79aa7
      size: 1588
  original:
    hackage: profunctors-5.6.3
- completed:
    hackage: reflection-2.1.9@sha256:eaf28dc9884718a306ed1e0c215a24b36c68b8aa3be425617f66d886d43fe1e0,4171
    pantry-tree:
      sha256: cf3caee8e681914b6323fc0444ea2d51fb403fac0b77f77c7e866be68e73f16c
      size: 1060
  original:
    hackage: reflection-2.1.9
- completed:
    hackage: semigroupoids-6.0.1@sha256:bfee06a6d88038a88ddd10fc21c230bf5ee3a14d0584dc6ab7ad54a9252c2c21,7539
    pantry-tree:
      sha256: 81c94aeb56b94e1a6f1990d08191db17aa8e4c6f86f966a5f792d73ca61d157d
      size: 2403
  original:
    hackage: semigroupoids-6.0.1
- completed:
    hackage: setlocale-1.0.0.10@sha256:cb1d03856a09622e5372e58c09a507308b013e50a67e84cf7faeb363300a28a2,869
    pantry-tree:
      sha256: 901b872255a93c4211d3eb3642dd5f1b4f672f44e72d4aaaa4469743422123dd
      size: 220
  original:
    hackage: setlocale-1.0.0.10
- completed:
    hackage: strict-0.5.1@sha256:58c373b7c7748cbb4a5a6c8c15073f99a1c10a9a9bb6894ac33f43a5cdb901f2,3557
    pantry-tree:
      sha256: 58e97bedb76e8678bf9851677362a8fe567b3d8021e8cd1e54af2ca99c23632f
      size: 654
  original:
    hackage: strict-0.5.1
- completed:
    hackage: taffybar-4.0.3@sha256:bc764289f46879d233abf0b6a6bda21fff80b4b615f110fa3163c5dad657c9b3,7660
    pantry-tree:
      sha256: 8bb04eaf55a13bcd9e2aae31a2c89d2a4b10239854b2ed4c89f862a2d7693df8
      size: 6860
  original:
    hackage: taffybar-4.0.3
- completed:
    hackage: tagged-0.8.9@sha256:6aad7d2fd594bd51834450d97850b9959305951993ea739fa2bbc18b55d8767d,2123
    pantry-tree:
      sha256: 24b98df98d96ed0ac99294d5480c4be73116922729bd8824bee1ded571d508f3
      size: 438
  original:
    hackage: tagged-0.8.9
- completed:
    hackage: text-2.1.2@sha256:2898d240693a61911efc6e9f9dd3f05a1561684b0c42da964b76ae6463dba754,10989
    pantry-tree:
      sha256: 55d235c81b0b35a55d8b33f832c6df0c7a3ff546b707172f97c68ab17b87f5d4
      size: 8647
  original:
    hackage: text-2.1.2
- completed:
    hackage: th-abstraction-0.7.1.0@sha256:3011403d85b0070630e33d66b9370535ccd1e0e672ae58f847550b2b15bb4fd8,2268
    pantry-tree:
      sha256: b96d2646ca1f9ef264743693224eb4dcf677ac1e345880f0c9e1ad12dd3d13c8
      size: 671
  original:
    hackage: th-abstraction-0.7.1.0
- completed:
    hackage: these-1.2.1@sha256:35c57aede96c15ea1fed559ac287b1168eb2b2869d79e62ed8c845780b7ea136,2294
    pantry-tree:
      sha256: dc6366ac715dfdf5338a615f71b9ed0542c403a6afcbedcddbc879e947aea6b3
      size: 351
  original:
    hackage: these-1.2.1
- completed:
    hackage: time-1.14@sha256:918455e07f347049c2169a43169aca77de7a2c97e33aca0b476aabcd8a79798d,6989
    pantry-tree:
      sha256: 99f4567d90615077ca3d59b1eb19e748874ed99ade15b62449e4f02536c05308
      size: 7336
  original:
    hackage: time-1.14
- completed:
    hackage: transformers-compat-0.7.2@sha256:044fb9955f63ee138fcebedfdcbe54afe741f2d5892a2d0bdf3a8052bd342643,5601
    pantry-tree:
      sha256: f49610c6a2faf82111e5d4222576f4afbcfa904bf56665232c5aa077dfc7578f
      size: 1724
  original:
    hackage: transformers-compat-0.7.2
- completed:
    hackage: unix-2.8.7.0@sha256:2d298da0c11ad7759993a801221d89630188f60190fd51d1ce1262a970c27ed7,10266
    pantry-tree:
      sha256: fc2e3eb51f1a07d193851bb9838e89739351f14f7ac1890a7522c822c5464525
      size: 5888
  original:
    hackage: unix-2.8.7.0
- completed:
    hackage: unordered-containers-0.2.20@sha256:233cbcdda6c2698932bb391ce0935fb44f80c115621ee815a21ed33ac8ede422,3921
    pantry-tree:
      sha256: fa7e8ec1f22c5525f1214df2a1f3ee593a31efd7a06592c4da021606cb21505e
      size: 1647
  original:
    hackage: unordered-containers-0.2.20
- completed:
    hackage: vector-0.13.2.0@sha256:b736a57b73520d2acf4865e3e2b40030d69782f35f870e376dc717ee2508d81f,8804
    pantry-tree:
      sha256: c3deeb58d3bc9bbe5bf40195666125c9b54f97c13a99fc000452b765acac8626
      size: 4478
  original:
    hackage: vector-0.13.2.0
- completed:
    hackage: xml-1.3.14@sha256:c7a33d37c968c769723931a33e4e795f0aadda6cb62e7073ded8a2db52509d95,952
    pantry-tree:
      sha256: 3be66e5958684b1a2f9cf688a32a2eac785413098afe7472717ba7c0ed3a295a
      size: 589
  original:
    hackage: xml-1.3.14
- completed:
    hackage: xmonad-contrib-0.18.1@sha256:aae0f10f3f12492c9a3f0824c59b1d23982810a3f9fb096b2c3e2a0e417d0b05,22749
    pantry-tree:
      sha256: a81289db5c547edc771a130b7ab9c0b7e5ee9aae4c8f2bcde304de9a1c31b6ce
      size: 24082
  original:
    hackage: xmonad-contrib-0.18.1
- completed:
    hackage: random-1.3.1@sha256:0b4f649c3e78713b2ccad1535251ee34b148237fb2229d7058c2b1d9ccc324b8,6004
    pantry-tree:
      sha256: 9e92209c00b0c00b7d1c503e15a27b67b74ac2e3b48269a9255893b06de6836c
      size: 1667
  original:
    hackage: random-1.3.1
- completed:
    hackage: utf8-string-1.0.2@sha256:79416292186feeaf1f60e49ac5a1ffae9bf1b120e040a74bf0e81ca7f1d31d3f,1538
    pantry-tree:
      sha256: 0863c3c9b6ee24dd38873c62e38ac46dd50aff2ea6b362beadf7f9b4a273c75f
      size: 601
  original:
    hackage: utf8-string-1.0.2
- completed:
    hackage: adjunctions-4.4.3@sha256:766e116f1c348b6518b96291961a7768e98fc467cfd29e51c230177eb997e676,3161
    pantry-tree:
      sha256: 544fd627ac4f8ebde483b4996b53e88b0ba7036c067d0700ae8a9d65453bab73
      size: 1391
  original:
    hackage: adjunctions-4.4.3
- completed:
    hackage: splitmix-0.1.3.1@sha256:d0002f3fb16a2cc5ba8afd47a6657726386edccfe8853d310e3479fe3b45201b,6552
    pantry-tree:
      sha256: ee5cc5c14fc38941b91318872f8fe131881b35379a1b5b2b563ba739417661af
      size: 1642
  original:
    hackage: splitmix-0.1.3.1
- completed:
    hackage: OneTuple-0.4.2@sha256:dd7266f983da2970e5662168add810dabadabb3a4bb9b137181eafc0ac7ea4d4,2013
    pantry-tree:
      sha256: 44544b7ff1a54d53ed4f0c3589546f1a97d7ff7757dc9c7626d920f052a77f2f
      size: 506
  original:
    hackage: OneTuple-0.4.2
- completed:
    hackage: invariant-0.6.4@sha256:4a9a609f4e93ffed158b3b4f5a80822c6da30aa71a5370307c0c00c2d658d1c6,3513
    pantry-tree:
      sha256: 7930b7eb0cb07ed9c0606388474731c35378559487a1d500232ad55f4bdebfa0
      size: 650
  original:
    hackage: invariant-0.6.4
- completed:
    hackage: os-string-2.0.7@sha256:cb5408281cb0e7cea41885611e06ee6208e3dae90c98f6901a9f20c58f930414,3443
    pantry-tree:
      sha256: b1da47472dbb77c33bdd3131cd2254cd1df6ffe803237295bab7a87e8533609d
      size: 2295
  original:
    hackage: os-string-2.0.7
- completed:
    hackage: StateVar-1.2.2@sha256:3c022c00485fe165e3080d5da6b3ca9c9b02f62c5deebc584d1b3d1309ce673e,1673
    pantry-tree:
      sha256: 204cac98219e99334f47b12c565945611748ea03a4d629273dd697d738bcfd7f
      size: 314
  original:
    hackage: StateVar-1.2.2
- completed:
    hackage: file-io-0.1.5@sha256:1d68a81fa684d006b1ec73836cebe3de9a54688836915fe3e56a20389846bb4e,3309
    pantry-tree:
      sha256: 29b9dc0a18772cb73091b711a5dbda029fe89c1ffb06034b4f54258c4eabfe1b
      size: 905
  original:
    hackage: file-io-0.1.5
- completed:
    hackage: semigroups-0.20@sha256:925341e6f7eb104cb490bef06eab93bb7995c7c67c51ee938185a2ddefa7aaf2,6333
    pantry-tree:
      sha256: d4d3f0b32a68cf8808fcb8d2de117ab9ec09dbfec93a297aa3d386ca79a0fe05
      size: 481
  original:
    hackage: semigroups-0.20
- completed:
    hackage: void-0.7.3@sha256:13d30f62fcdf065e595d679d4ac8b4b0c1bb1a1b73db7b5b5a8f857cb5c8a546,1857
    pantry-tree:
      sha256: 5730b45e857424c97d24ee1cf530be1fc782cd000221ac97b5568be886cbbc2b
      size: 584
  original:
    hackage: void-0.7.3
- completed:
    hackage: transformers-base-0.4.6@sha256:6f18f320e371c8954c4b6b211e2fdd5d15a6d6310bd605b9d640f47ede408961,1643
    pantry-tree:
      sha256: 6c2d24a9678865e2a5f4b6286cb17228673a6987fb546bf07b89ffbd19716ad2
      size: 275
  original:
    hackage: transformers-base-0.4.6
- completed:
    hackage: primitive-0.9.1.0@sha256:dfdd6572944c11e69208237dd32a2eb9d975b4f4e9064a7b8dc952cb0e256846,3119
    pantry-tree:
      sha256: bb4a27a63645ef32b7533869c303b16ae9dd58962ccaa86bebe1c06fd7e18301
      size: 1793
  original:
    hackage: primitive-0.9.1.0
- completed:
    hackage: tasty-1.5.3@sha256:6b5dda3f16db1274a0b3e6c4073ac57172a1e96b1dca05666c5cbd1183639412,2923
    pantry-tree:
      sha256: 55cabcd98ff0f5c671a93fb138b8b8cb1cf223497b0fbf9207e6c519fd54a9e9
      size: 1944
  original:
    hackage: tasty-1.5.3
- completed:
    hackage: vector-stream-0.1.0.1@sha256:5ac96695212a45ae7dc16d8031dbf5311da53e052c35f7ad4a8e2db7fafb651e,1642
    pantry-tree:
      sha256: d178cdf56b480c366524276acb90e80e11e3fa261ad30ef6df7f1a100d649800
      size: 325
  original:
    hackage: vector-stream-0.1.0.1
- completed:
    hackage: ansi-terminal-1.1.2@sha256:8e669f090aa3b9a62ef78f687dda12a19231ee163d2084522464036980a322ea,2758
    pantry-tree:
      sha256: 3c533b6c2d3c59606365a7c5ab3ca9addf09482c374f33328a5c0c907d5c2996
      size: 1184
  original:
    hackage: ansi-terminal-1.1.2
- completed:
    hackage: optparse-applicative-0.19.0.0@sha256:0b47b3ff7eb4a855b5f7d401690365fc62a32057374927ce0d478b620996222d,5813
    pantry-tree:
      sha256: 91733e6f053044a8b0dad22808cffb83f745299293312659c95a38edc79aadeb
      size: 4091
  original:
    hackage: optparse-applicative-0.19.0.0
- completed:
    hackage: ansi-terminal-types-1.1@sha256:135f6a381afa19d53d0a3fe40b6dd47e6666c538b09e4300fbb1438759df3248,1462
    pantry-tree:
      sha256: a0a28ef7a7d3a8e69c6bd45c7e6dddf24c17477714fc4135de3138a36e98b16a
      size: 291
  original:
    hackage: ansi-terminal-types-1.1
- completed:
    hackage: colour-2.3.6@sha256:ebdcbf15023958838a527e381ab3c3b1e99ed12d1b25efeb7feaa4ad8c37664a,2378
    pantry-tree:
      sha256: 03f8e22f364deb86098dbfbe0bf83c896437b2355f139abdac0402658fb6ac7e
      size: 1183
  original:
    hackage: colour-2.3.6
- completed:
    hackage: prettyprinter-1.7.1@sha256:9c43c9d8c3cd9f445596e5a2379574bba87f935a4d1fa41b5407ee3cf4edc743,6987
    pantry-tree:
      sha256: cd6f393bf7cba603a1958a139915fc343efd5488e36fd7b3b5c6956c002d04fa
      size: 3460
  original:
    hackage: prettyprinter-1.7.1
- completed:
    hackage: prettyprinter-ansi-terminal-1.1.3@sha256:b00f727b964cf13adff7acf575a71fa7e405f5240aff50b07f10df76ab89f8d3,2574
    pantry-tree:
      sha256: b5d276267049502c72fdcd2f1d84c15b3598160d61de0482a2e5bb62c40bd4ea
      size: 820
  original:
    hackage: prettyprinter-ansi-terminal-1.1.3
snapshots: []
