# This file was autogenerated by Stack.
# You should not edit this file by hand.
# For more information, please see the documentation at:
#   https://docs.haskellstack.org/en/stable/lock_files

packages:
- completed:
    hackage: binary-0.8.7.0@sha256:ae3e6cca723ac55c54bbb3fa771bcf18142bc727afd57818e66d6ee6c8044f12,7705
    pantry-tree:
      size: 1976
      sha256: 35e44b6d3ccf0d56fc5407dc3f0895e74696a66da189afbd65973c95743f5e25
  original:
    hackage: binary-0.8.7.0
- completed:
    hackage: broadcast-chan-0.2.0.2@sha256:687a7438a3fda6f5baf2be5a97e8dbf07b0bce1c22319af0d734ab64a895dd8f,6166
    pantry-tree:
      size: 755
      sha256: be6b808e15a91a4350c28d56a547049932abf6189ff0c26543cd1881feaf508a
  original:
    hackage: broadcast-chan-0.2.0.2
- completed:
    hackage: containers-0.5.11.0@sha256:28ad7337057442f75bc689315ab4ec7bdf5e6b2c39668f306672cecd82c02798,16685
    pantry-tree:
      size: 4849
      sha256: faa4e75922a28f7cfe9920c1d7ab3866b792cefcd29bf79f54cfe3b6b5f57cbf
  original:
    hackage: containers-0.5.11.0
- completed:
    hackage: ConfigFile-1.1.4@sha256:ca56261e1deae6ef958a337b03812987bfd94ab37b047e27f262bc3137813165,2056
    pantry-tree:
      size: 1016
      sha256: 58c2dbae1878d8f5bcac2848712ccfe90391bb1e6b719f43d044ead6c496f748
  original:
    hackage: ConfigFile-1.1.4
- completed:
    hackage: dbus-1.2.1@sha256:2c3d6d43140daf7aac108e14deef001d603209261885d8df30dfdcd2e92ce2d8,4177
    pantry-tree:
      size: 2795
      sha256: 24985eff30617e9a61563d1a2a0c60c238359c3b3b2fb72f7f6c3192eb510602
  original:
    hackage: dbus-1.2.1
- completed:
    hackage: dbus-hslogger-0.1.0.1@sha256:7c989216bfbd9dce7e6898e608efff13d7385d0e9cf4b5aa8c8e0358b72645be,1489
    pantry-tree:
      size: 395
      sha256: 015ca24522392f6027996ad65c4a2e3c9bd5371984ffc62d8ec43ed651d3e87a
  original:
    hackage: dbus-hslogger-0.1.0.1
- completed:
    hackage: gi-cairo-connector-0.0.1@sha256:b909fcfcb3c19fceb93ea309381c059020e9b9ae8d1fc39aad94962e112fc289,1166
    pantry-tree:
      size: 186
      sha256: 7cc3b726092bbff0ad393f07177a875b3bddc1946b008f8216aa56947e944576
  original:
    hackage: gi-cairo-connector-0.0.1
- completed:
    hackage: gi-cairo-render-0.0.1@sha256:ff2ccc309c021c2c023fa0d380375ef36cff2df93e0c78ed733f052dd1aa9782,3502
    pantry-tree:
      size: 1603
      sha256: e05dbca4c5acaf73903c142fc586d42ac8e2b57aabcc890053f8b02b1067d60a
  original:
    hackage: gi-cairo-render-0.0.1
- completed:
    hackage: gi-dbusmenu-0.4.1@sha256:fd1c177ad4068e9ef7778ecb1af4004d2d503246d6d846592507ed63c52a3ab2,1868
    pantry-tree:
      size: 362
      sha256: bc5fdd65c973582f1fc0e5efc182f80cfd5736ece90c47b2beaa17cf29486ded
  original:
    hackage: gi-dbusmenu-0.4.1
- completed:
    hackage: gi-dbusmenugtk3-0.4.1@sha256:8fac5be30616a8246850f1118dc51405487ac488aeabbc9c5b55e9979aa711f8,2080
    pantry-tree:
      size: 370
      sha256: 30184b293e2b6d96417edc803d800fb67bfb1ca422836558e6ea3fce300f162a
  original:
    hackage: gi-dbusmenugtk3-0.4.1
- completed:
    hackage: gi-gdk-3.0.15@sha256:5f196344b9c8f2f93687fd31f7d6cfdd5bd40175d17d979c9665e789cd1dfe54,1998
    pantry-tree:
      size: 355
      sha256: 5b992935260e45f2730a109bb2a7185a6f2746dd7a4ac2c69a3b3e7a99d5ef98
  original:
    hackage: gi-gdk-3.0.15
- completed:
    hackage: gi-gdkpixbuf-2.0.18@sha256:58681378d1c096b7a1a7464da19d7d7afa9f0b44e3175d82b967d3a82ff4bd7b,1922
    pantry-tree:
      size: 368
      sha256: 326acde23376c92c00a91dee54c6081fcfeea9efc261d651699546c489eb1a2f
  original:
    hackage: gi-gdkpixbuf-2.0.18
- completed:
    hackage: gi-gdkx11-3.0.4@sha256:5ee528136572cc9e22ef57ab77c8edd0393a52ca0dcbd85bb44188d0088f2158,1992
    pantry-tree:
      size: 359
      sha256: be1ba3ca2ae64a1721ad2b2c22b3efabf24c3c7cc99cede8cea8987b9ca5467c
  original:
    hackage: gi-gdkx11-3.0.4
- completed:
    hackage: gi-gio-2.0.18@sha256:ed2ed7da91de9b49e4567cbcdef8a2d23f9cd1349edb2779d95a57a2c60c4905,1836
    pantry-tree:
      size: 358
      sha256: e5c704de106236b3b6ce2d7fb497c1982fde287d517974a92863be721e4e1e51
  original:
    hackage: gi-gio-2.0.18
- completed:
    hackage: gi-gtk-3.0.26@sha256:a69522bb6ebcef6ffa0da24b6605e32cc35530f5279d294930111cf86ff7403c,2092
    pantry-tree:
      size: 357
      sha256: 4219a891b0571ebd4c54a8ae08c1ea9e55e9a60df15164e788e6611cf5db4b79
  original:
    hackage: gi-gtk-3.0.26
- completed:
    hackage: gi-gtk-hs-0.3.6.3@sha256:e88ecc54a6fc17dfe3eacbbae2c5d7beb469ec5bc33b799fe2d89155bb32f72a,1954
    pantry-tree:
      size: 1071
      sha256: fc626f2b9ec26f1efa1b24428c1b92e781e138f713c41e3a9677c0b51c97abe2
  original:
    hackage: gi-gtk-hs-0.3.6.3
- completed:
    hackage: gi-pango-1.0.16@sha256:5600c606331bdc30407ab6cd9dcb1f1325c11f6292b6018f6c90391801f0d24a,1856
    pantry-tree:
      size: 360
      sha256: a0be7a797a0094d9ebe19395f0889b27ff41ab6fd5689a4db0b3d7c62e4fe34b
  original:
    hackage: gi-pango-1.0.16
- completed:
    hackage: gi-xlib-2.0.2@sha256:d9b73ecd7b84f183474c412893e74279f4980d0000f92f7a2433de2d1e9414d8,1761
    pantry-tree:
      size: 355
      sha256: d1d98746c801ee4b6732b19b8092d48ecdbc8a09667e19a1d2768ed78a039242
  original:
    hackage: gi-xlib-2.0.2
- completed:
    hackage: gtk-sni-tray-0.1.6.0@sha256:c9d355a67f459431c377f628a4853b1ed9a50e6591eceb76b1189b735aa765da,2188
    pantry-tree:
      size: 456
      sha256: 49b4c274219277ccf8a67999f6ff42cd083de830f6c1d879efd08281960f1df5
  original:
    hackage: gtk-sni-tray-0.1.6.0
- completed:
    hackage: gtk-strut-0.1.3.0@sha256:a1ad2b79d5c581366062278fd43db7fbc8b703cc156bacbcf3b94dc57dea7811,1140
    pantry-tree:
      size: 390
      sha256: 1edced59a053301d94239209d7cdb8f6baec68276abf1752de3dbe9b6f95c5a5
  original:
    hackage: gtk-strut-0.1.3.0
- completed:
    hackage: haskell-gi-0.21.2@sha256:e64afef8b047a4adf20dd23686572db0af9dea62f1f1b58d0f0ae687206ee3d1,5504
    pantry-tree:
      size: 4409
      sha256: c0c2c6aa57b72384c2245cf134d1cd133bda174071e96fc141eb9f09518a35be
  original:
    hackage: haskell-gi-0.21.2
- completed:
    hackage: haskell-gi-base-0.21.2@sha256:053fd2f5b92622d1745d41bf17dcd6fcc3784e2203e5badd56175332599384e4,2343
    pantry-tree:
      size: 1596
      sha256: 5013b37978f152962ad783b1f05d96b9ef00673b5c984ea4e7eb4db32844536a
  original:
    hackage: haskell-gi-base-0.21.2
- completed:
    hackage: magic-1.1@sha256:3a31ca1c49fa5f6a857f647471739bd240a6020af6ae43e71fb72201fc482fa2,928
    pantry-tree:
      size: 535
      sha256: 8fd594932f36cdf6a93266c48248a6c516d2aa237cd023eed6935ccee7ed230b
  original:
    hackage: magic-1.1
- completed:
    hackage: rate-limit-1.4.1@sha256:27abe882e8b7851202cac124ea2b631e77ab7216f7a655b0782704838fe3c305,943
    pantry-tree:
      size: 214
      sha256: f5eb6d9a78edc08d896771aefbd6b9986d85724bb1f9bec88fa09fd7a88551b4
  original:
    hackage: rate-limit-1.4.1
- completed:
    hackage: spool-0.1@sha256:77780cbfc2c0be23ff2ea9e474062f3df97fcd9db946ee0b3508280a923b83e2,1461
    pantry-tree:
      size: 322
      sha256: 48eada528a8eda2fcf0d3517a239c59a699acff96111f427833ba2b04bd6111f
  original:
    hackage: spool-0.1
- completed:
    hackage: status-notifier-item-0.3.0.1@sha256:7c11ba0158f31eda7cb8c60c48b6e4f63681b79a91a3c2814fac381f0004ebc5,2572
    pantry-tree:
      size: 1156
      sha256: 301226818bb55f6cfb1e1a3f2fea8d48073b086e7eff65394ad0a6c5ed35c603
  original:
    hackage: status-notifier-item-0.3.0.1
- completed:
    hackage: time-units-1.0.0@sha256:27cf54091c4a0ca73d504fc11d5c31ab4041d17404fe3499945e2055697746c1,928
    pantry-tree:
      size: 212
      sha256: 9b516d4195fcea22cd1f4335cfe210e88deca397ba7dacc494d5a2feb69e1af8
  original:
    hackage: time-units-1.0.0
- completed:
    hackage: taffybar-3.2.0@sha256:e7fb783af46e5d859b763bace072be544f7b88bf20f1c697d1bc33310b05a15c,7245
    pantry-tree:
      size: 5956
      sha256: c8dcda0492078a62456bcebbb660efce7e3cc92bee8effbd5fadf9b3be30a361
  original:
    hackage: taffybar-3.2.0
- completed:
    hackage: X11-1.8@sha256:77d5880a95383b8631e4951e8f3c159d959109736429dcf0ab79f201d9c227c0,2728
    pantry-tree:
      size: 2762
      sha256: fa506e0edef501abcf35f39fe69ddbc7f330f3668e1c23087a07fbd4e4dc6e5d
  original:
    hackage: X11-1.8
- completed:
    hackage: X11-xft-0.3.1@sha256:3fc08ff4c419405f33905b160a1d405c60be801d3d1ace745ee5b7ca38531363,654
    pantry-tree:
      size: 325
      sha256: 107995822ae4183e9d9ef04b65d32b672b4a8f40e6f898d4094e4e2d5b564d85
  original:
    hackage: X11-xft-0.3.1
- completed:
    hackage: xml-helpers-1.0.0@sha256:3b0808db529fa362a67717c78a78a4728859f60f31e9213ae2d32720fbe053a1,610
    pantry-tree:
      size: 220
      sha256: 23e445f90ddb3c02c05125fb273045718fc0551509fe931ae8010a3a189ba215
  original:
    hackage: xml-helpers-1.0.0
- completed:
    hackage: xmobar-0.28.1@sha256:9fa6f94d353349baff2f86772c502ca282d2d38f27dab8423dc5a17cb5d7af5e,8267
    pantry-tree:
      size: 4281
      sha256: 117278ce064b712eda0a0e7833d2dbe87cc0e0882e2b9d1e55c1375def520eb7
  original:
    hackage: xmobar-0.28.1
- completed:
    hackage: xmonad-0.15@sha256:db671d78ecd66f39f23decf60974a3e078525ec9d2be68a3946b0cfb4d3954fa,5255
    pantry-tree:
      size: 2474
      sha256: 0e5b141def9130877fa03c85900df2e2ea00f3513e9c0d39ef3b3ba1f6dc20ad
  original:
    hackage: xmonad-0.15
- completed:
    hackage: xmonad-wallpaper-0.0.1.4@sha256:485ca693e30b8994ad8b18ba4aae6a0587b03bda0298f62798203f2ec0d9afef,2395
    pantry-tree:
      size: 462
      sha256: 131b39862cabb2c42c6298405c00c6bb063b69ca09ad47d94b2bb730af62258b
  original:
    hackage: xmonad-wallpaper-0.0.1.4
snapshots:
- completed:
    size: 498402
    url: https://raw.githubusercontent.com/commercialhaskell/stackage-snapshots/master/lts/13/24.yaml
    sha256: 33e96adfe24f112b62f6edd22565cdbaa13155703bbfbfdc3d0a9bc6138ae7bf
  original: lts-13.24
